
Microsoft Visual Studio Solution File, Format Version 12.00
Project("{FAE04EC0-301F-11D3-BF4B-00C04F79EFBC}") = "Sanet.Bot.Telegram", "clients\Sanet.Bot.Telegram\Sanet.Bot.Telegram.csproj", "{B8FC50B6-9752-402A-9000-1A1E9E5FF703}"
EndProject
Global
	GlobalSection(SolutionConfigurationPlatforms) = preSolution
		Debug|Any CPU = Debug|Any CPU
		Release|Any CPU = Release|Any CPU
	EndGlobalSection
	GlobalSection(ProjectConfigurationPlatforms) = postSolution
		{B8FC50B6-9752-402A-9000-1A1E9E5FF703}.Debug|Any CPU.ActiveCfg = Debug|Any CPU
		{B8FC50B6-9752-402A-9000-1A1E9E5FF703}.Debug|Any CPU.Build.0 = Debug|Any CPU
		{B8FC50B6-9752-402A-9000-1A1E9E5FF703}.Release|Any CPU.ActiveCfg = Release|Any CPU
		{B8FC50B6-9752-402A-9000-1A1E9E5FF703}.Release|Any CPU.Build.0 = Release|Any CPU
	EndGlobalSection
EndGlobal
