
Microsoft Visual Studio Solution File, Format Version 12.00
Project("{2150E333-8FDC-42A3-9474-1A3956D46DE8}") = "Clients", "Clients", "{43AAE626-9CF7-4281-9717-DFD02201AAB7}"
EndProject
Project("{2150E333-8FDC-42A3-9474-1A3956D46DE8}") = "Handlers", "Handlers", "{FCC4826B-9C43-424D-9631-8C07B7C49C19}"
EndProject
Project("{FAE04EC0-301F-11D3-BF4B-00C04F79EFBC}") = "TranslatorBot.Telegram.Azure", "Clients\Telegram\Handlers\Azure\TranslatorBot.Telegram.Azure\TranslatorBot.Telegram.Azure.csproj", "{2876F5DA-8E3E-4ACE-B6F6-B0324E87236B}"
EndProject
Project("{FAE04EC0-301F-11D3-BF4B-00C04F79EFBC}") = "TranslatorBot.Telegram", "Clients\TranslatorBot.Telegram\TranslatorBot.Telegram.csproj", "{31FE12FB-A4EA-449E-B234-25389EF19C4B}"
EndProject
Global
	GlobalSection(SolutionConfigurationPlatforms) = preSolution
		Debug|Any CPU = Debug|Any CPU
		Release|Any CPU = Release|Any CPU
	EndGlobalSection
	GlobalSection(ProjectConfigurationPlatforms) = postSolution
		{2876F5DA-8E3E-4ACE-B6F6-B0324E87236B}.Debug|Any CPU.ActiveCfg = Debug|Any CPU
		{2876F5DA-8E3E-4ACE-B6F6-B0324E87236B}.Debug|Any CPU.Build.0 = Debug|Any CPU
		{2876F5DA-8E3E-4ACE-B6F6-B0324E87236B}.Release|Any CPU.ActiveCfg = Release|Any CPU
		{2876F5DA-8E3E-4ACE-B6F6-B0324E87236B}.Release|Any CPU.Build.0 = Release|Any CPU
		{31FE12FB-A4EA-449E-B234-25389EF19C4B}.Debug|Any CPU.ActiveCfg = Debug|Any CPU
		{31FE12FB-A4EA-449E-B234-25389EF19C4B}.Debug|Any CPU.Build.0 = Debug|Any CPU
		{31FE12FB-A4EA-449E-B234-25389EF19C4B}.Release|Any CPU.ActiveCfg = Release|Any CPU
		{31FE12FB-A4EA-449E-B234-25389EF19C4B}.Release|Any CPU.Build.0 = Release|Any CPU
	EndGlobalSection
	GlobalSection(NestedProjects) = preSolution
		{FCC4826B-9C43-424D-9631-8C07B7C49C19} = {43AAE626-9CF7-4281-9717-DFD02201AAB7}
		{2876F5DA-8E3E-4ACE-B6F6-B0324E87236B} = {FCC4826B-9C43-424D-9631-8C07B7C49C19}
		{31FE12FB-A4EA-449E-B234-25389EF19C4B} = {43AAE626-9CF7-4281-9717-DFD02201AAB7}
	EndGlobalSection
EndGlobal
